
Microsoft Visual Studio Solution File, Format Version 12.00
# Visual Studio Version 17
VisualStudioVersion = 17.9.34723.18
MinimumVisualStudioVersion = 10.0.40219.1
Project("{FAE04EC0-301F-11D3-BF4B-00C04F79EFBC}") = "frontend-cli-app", "frontend-cli-app\frontend-cli-app.csproj", "{F27EF6EE-2C2D-42E9-A2ED-582C0671C3AB}"
EndProject
Project("{FAE04EC0-301F-11D3-BF4B-00C04F79EFBC}") = "frontend-cli-tests", "frontend-cli-tests\frontend-cli-tests.csproj", "{175CCD09-306A-489E-A573-9D974C53A63F}"
EndProject
Global
	GlobalSection(SolutionConfigurationPlatforms) = preSolution
		Debug|Any CPU = Debug|Any CPU
		Release|Any CPU = Release|Any CPU
	EndGlobalSection
	GlobalSection(ProjectConfigurationPlatforms) = postSolution
		{F27EF6EE-2C2D-42E9-A2ED-582C0671C3AB}.Debug|Any CPU.ActiveCfg = Debug|Any CPU
		{F27EF6EE-2C2D-42E9-A2ED-582C0671C3AB}.Debug|Any CPU.Build.0 = Debug|Any CPU
		{F27EF6EE-2C2D-42E9-A2ED-582C0671C3AB}.Release|Any CPU.ActiveCfg = Release|Any CPU
		{F27EF6EE-2C2D-42E9-A2ED-582C0671C3AB}.Release|Any CPU.Build.0 = Release|Any CPU
		{175CCD09-306A-489E-A573-9D974C53A63F}.Debug|Any CPU.ActiveCfg = Debug|Any CPU
		{175CCD09-306A-489E-A573-9D974C53A63F}.Debug|Any CPU.Build.0 = Debug|Any CPU
		{175CCD09-306A-489E-A573-9D974C53A63F}.Release|Any CPU.ActiveCfg = Release|Any CPU
		{175CCD09-306A-489E-A573-9D974C53A63F}.Release|Any CPU.Build.0 = Release|Any CPU
	EndGlobalSection
	GlobalSection(SolutionProperties) = preSolution
		HideSolutionNode = FALSE
	EndGlobalSection
	GlobalSection(ExtensibilityGlobals) = postSolution
		SolutionGuid = {650E2853-BF6B-48EA-A445-C609D8D5AF41}
	EndGlobalSection
EndGlobal
