
Microsoft Visual Studio Solution File, Format Version 12.00
# Visual Studio Version 17
VisualStudioVersion = 17.5.002.0
MinimumVisualStudioVersion = 10.0.40219.1
Project("{9A19103F-16F7-4668-BE54-9A1E7A4F7556}") = "DocTranslatorServer", "DocTranslatorServer.csproj", "{ADA9F6FD-A4FB-4EBB-9700-EF0339590116}"
EndProject
Global
	GlobalSection(SolutionConfigurationPlatforms) = preSolution
		Debug|Any CPU = Debug|Any CPU
		Release|Any CPU = Release|Any CPU
	EndGlobalSection
	GlobalSection(ProjectConfigurationPlatforms) = postSolution
		{ADA9F6FD-A4FB-4EBB-9700-EF0339590116}.Debug|Any CPU.ActiveCfg = Debug|Any CPU
		{ADA9F6FD-A4FB-4EBB-9700-EF0339590116}.Debug|Any CPU.Build.0 = Debug|Any CPU
		{ADA9F6FD-A4FB-4EBB-9700-EF0339590116}.Release|Any CPU.ActiveCfg = Release|Any CPU
		{ADA9F6FD-A4FB-4EBB-9700-EF0339590116}.Release|Any CPU.Build.0 = Release|Any CPU
	EndGlobalSection
	GlobalSection(SolutionProperties) = preSolution
		HideSolutionNode = FALSE
	EndGlobalSection
	GlobalSection(ExtensibilityGlobals) = postSolution
		SolutionGuid = {9733A6CA-7165-46E1-8302-45E1CDCB92B6}
	EndGlobalSection
EndGlobal
